// !$*UTF8*$!
{
	archiveVersion = 1;
	classes = {
	};
	objectVersion = 56;
	objects = {

/* Begin PBXBuildFile section */
		F78597EA2D104C1100B9155E /* AppDelegate.swift in Sources */ = {isa = PBXBuildFile; fileRef = F78597E92D104C1100B9155E /* AppDelegate.swift */; };
		F78597EC2D104C1100B9155E /* SceneDelegate.swift in Sources */ = {isa = PBXBuildFile; fileRef = F78597EB2D104C1100B9155E /* SceneDelegate.swift */; };
		F78597EE2D104C1100B9155E /* ViewController.swift in Sources */ = {isa = PBXBuildFile; fileRef = F78597ED2D104C1100B9155E /* ViewController.swift */; };
		F78597F32D104C1300B9155E /* Assets.xcassets in Resources */ = {isa = PBXBuildFile; fileRef = F78597F22D104C1300B9155E /* Assets.xcassets */; };
		F78597FF2D104CB800B9155E /* NearbyFlowCoordinator.swift in Sources */ = {isa = PBXBuildFile; fileRef = F78597FE2D104CB800B9155E /* NearbyFlowCoordinator.swift */; };
		F785980B2D1054E100B9155E /* NearbySplashVC.swift in Sources */ = {isa = PBXBuildFile; fileRef = F785980A2D1054E100B9155E /* NearbySplashVC.swift */; };
		F785980D2D10551800B9155E /* NearbySplashView.swift in Sources */ = {isa = PBXBuildFile; fileRef = F785980C2D10551800B9155E /* NearbySplashView.swift */; };
		F78598112D10583C00B9155E /* Colors.swift in Sources */ = {isa = PBXBuildFile; fileRef = F78598102D10583C00B9155E /* Colors.swift */; };
		F78B20342D12E3190002C835 /* SplashFlowDelegate.swift in Sources */ = {isa = PBXBuildFile; fileRef = F78B20332D12E3190002C835 /* SplashFlowDelegate.swift */; };
		F78B20362D12E8050002C835 /* Typography.swift in Sources */ = {isa = PBXBuildFile; fileRef = F78B20352D12E8050002C835 /* Typography.swift */; };
		F78B20392D12EF010002C835 /* HomeVC.swift in Sources */ = {isa = PBXBuildFile; fileRef = F78B20382D12EF010002C835 /* HomeVC.swift */; };
		F78B203B2D12EF0D0002C835 /* HomeView.swift in Sources */ = {isa = PBXBuildFile; fileRef = F78B203A2D12EF0D0002C835 /* HomeView.swift */; };
		F78B203E2D12EFEA0002C835 /* PlaceTableViewCell.swift in Sources */ = {isa = PBXBuildFile; fileRef = F78B203D2D12EFEA0002C835 /* PlaceTableViewCell.swift */; };
		F78B20412D12F69E0002C835 /* PlaceModel.swift in Sources */ = {isa = PBXBuildFile; fileRef = F78B20402D12F69E0002C835 /* PlaceModel.swift */; };
		F797AC0A2D11A23D004F8F5B /* TipsView.swift in Sources */ = {isa = PBXBuildFile; fileRef = F797AC092D11A23D004F8F5B /* TipsView.swift */; };
		F797AC0D2D11A5BE004F8F5B /* WelcomeView.swift in Sources */ = {isa = PBXBuildFile; fileRef = F797AC0C2D11A5BE004F8F5B /* WelcomeView.swift */; };
		F7E4F2682D12149100029185 /* WelcomeVC.swift in Sources */ = {isa = PBXBuildFile; fileRef = F7E4F2672D12149100029185 /* WelcomeVC.swift */; };
		F7E4F26B2D12180B00029185 /* UIViewController+EXT.swift in Sources */ = {isa = PBXBuildFile; fileRef = F7E4F26A2D12180B00029185 /* UIViewController+EXT.swift */; };
/* End PBXBuildFile section */

/* Begin PBXFileReference section */
		F78597E62D104C1100B9155E /* Nearby.app */ = {isa = PBXFileReference; explicitFileType = wrapper.application; includeInIndex = 0; path = Nearby.app; sourceTree = BUILT_PRODUCTS_DIR; };
		F78597E92D104C1100B9155E /* AppDelegate.swift */ = {isa = PBXFileReference; lastKnownFileType = sourcecode.swift; path = AppDelegate.swift; sourceTree = "<group>"; };
		F78597EB2D104C1100B9155E /* SceneDelegate.swift */ = {isa = PBXFileReference; lastKnownFileType = sourcecode.swift; path = SceneDelegate.swift; sourceTree = "<group>"; };
		F78597ED2D104C1100B9155E /* ViewController.swift */ = {isa = PBXFileReference; lastKnownFileType = sourcecode.swift; path = ViewController.swift; sourceTree = "<group>"; };
		F78597F22D104C1300B9155E /* Assets.xcassets */ = {isa = PBXFileReference; lastKnownFileType = folder.assetcatalog; path = Assets.xcassets; sourceTree = "<group>"; };
		F78597F72D104C1300B9155E /* Info.plist */ = {isa = PBXFileReference; lastKnownFileType = text.plist.xml; path = Info.plist; sourceTree = "<group>"; };
		F78597FE2D104CB800B9155E /* NearbyFlowCoordinator.swift */ = {isa = PBXFileReference; lastKnownFileType = sourcecode.swift; path = NearbyFlowCoordinator.swift; sourceTree = "<group>"; };
		F785980A2D1054E100B9155E /* NearbySplashVC.swift */ = {isa = PBXFileReference; lastKnownFileType = sourcecode.swift; path = NearbySplashVC.swift; sourceTree = "<group>"; };
		F785980C2D10551800B9155E /* NearbySplashView.swift */ = {isa = PBXFileReference; lastKnownFileType = sourcecode.swift; path = NearbySplashView.swift; sourceTree = "<group>"; };
		F78598102D10583C00B9155E /* Colors.swift */ = {isa = PBXFileReference; lastKnownFileType = sourcecode.swift; path = Colors.swift; sourceTree = "<group>"; };
		F78B20332D12E3190002C835 /* SplashFlowDelegate.swift */ = {isa = PBXFileReference; lastKnownFileType = sourcecode.swift; path = SplashFlowDelegate.swift; sourceTree = "<group>"; };
		F78B20352D12E8050002C835 /* Typography.swift */ = {isa = PBXFileReference; lastKnownFileType = sourcecode.swift; path = Typography.swift; sourceTree = "<group>"; };
		F78B20382D12EF010002C835 /* HomeVC.swift */ = {isa = PBXFileReference; lastKnownFileType = sourcecode.swift; path = HomeVC.swift; sourceTree = "<group>"; };
		F78B203A2D12EF0D0002C835 /* HomeView.swift */ = {isa = PBXFileReference; lastKnownFileType = sourcecode.swift; path = HomeView.swift; sourceTree = "<group>"; };
		F78B203D2D12EFEA0002C835 /* PlaceTableViewCell.swift */ = {isa = PBXFileReference; lastKnownFileType = sourcecode.swift; path = PlaceTableViewCell.swift; sourceTree = "<group>"; };
		F78B20402D12F69E0002C835 /* PlaceModel.swift */ = {isa = PBXFileReference; lastKnownFileType = sourcecode.swift; path = PlaceModel.swift; sourceTree = "<group>"; };
		F797AC092D11A23D004F8F5B /* TipsView.swift */ = {isa = PBXFileReference; lastKnownFileType = sourcecode.swift; path = TipsView.swift; sourceTree = "<group>"; };
		F797AC0C2D11A5BE004F8F5B /* WelcomeView.swift */ = {isa = PBXFileReference; lastKnownFileType = sourcecode.swift; path = WelcomeView.swift; sourceTree = "<group>"; };
		F7E4F2672D12149100029185 /* WelcomeVC.swift */ = {isa = PBXFileReference; lastKnownFileType = sourcecode.swift; path = WelcomeVC.swift; sourceTree = "<group>"; };
		F7E4F26A2D12180B00029185 /* UIViewController+EXT.swift */ = {isa = PBXFileReference; lastKnownFileType = sourcecode.swift; path = "UIViewController+EXT.swift"; sourceTree = "<group>"; };
/* End PBXFileReference section */

/* Begin PBXFrameworksBuildPhase section */
		F78597E32D104C1100B9155E /* Frameworks */ = {
			isa = PBXFrameworksBuildPhase;
			buildActionMask = 2147483647;
			files = (
			);
			runOnlyForDeploymentPostprocessing = 0;
		};
/* End PBXFrameworksBuildPhase section */

/* Begin PBXGroup section */
		F78597DD2D104C1100B9155E = {
			isa = PBXGroup;
			children = (
				F78597E82D104C1100B9155E /* Nearby */,
				F78597E72D104C1100B9155E /* Products */,
			);
			sourceTree = "<group>";
		};
		F78597E72D104C1100B9155E /* Products */ = {
			isa = PBXGroup;
			children = (
				F78597E62D104C1100B9155E /* Nearby.app */,
			);
			name = Products;
			sourceTree = "<group>";
		};
		F78597E82D104C1100B9155E /* Nearby */ = {
			isa = PBXGroup;
			children = (
				F78598122D1058E100B9155E /* Resources */,
				F78597FD2D104CA300B9155E /* Sources */,
				F78597E92D104C1100B9155E /* AppDelegate.swift */,
				F78597EB2D104C1100B9155E /* SceneDelegate.swift */,
				F78597ED2D104C1100B9155E /* ViewController.swift */,
				F78597F72D104C1300B9155E /* Info.plist */,
			);
			path = Nearby;
			sourceTree = "<group>";
		};
		F78597FD2D104CA300B9155E /* Sources */ = {
			isa = PBXGroup;
			children = (
				F785980F2D10581F00B9155E /* Features */,
				F785980E2D10581800B9155E /* Constants */,
			);
			path = Sources;
			sourceTree = "<group>";
		};
		F78598072D1054A700B9155E /* Coordinator */ = {
			isa = PBXGroup;
			children = (
				F78597FE2D104CB800B9155E /* NearbyFlowCoordinator.swift */,
			);
			path = Coordinator;
			sourceTree = "<group>";
		};
		F78598082D1054B400B9155E /* Scenes */ = {
			isa = PBXGroup;
			children = (
				F78B20372D12EED70002C835 /* Home */,
				F797AC0B2D11A5B0004F8F5B /* Welcome */,
				F78598092D1054BA00B9155E /* Splash */,
			);
			path = Scenes;
			sourceTree = "<group>";
		};
		F78598092D1054BA00B9155E /* Splash */ = {
			isa = PBXGroup;
			children = (
				F785980A2D1054E100B9155E /* NearbySplashVC.swift */,
				F785980C2D10551800B9155E /* NearbySplashView.swift */,
				F78B20332D12E3190002C835 /* SplashFlowDelegate.swift */,
			);
			path = Splash;
			sourceTree = "<group>";
		};
		F785980E2D10581800B9155E /* Constants */ = {
			isa = PBXGroup;
			children = (
				F78598102D10583C00B9155E /* Colors.swift */,
				F78B20352D12E8050002C835 /* Typography.swift */,
			);
			path = Constants;
			sourceTree = "<group>";
		};
		F785980F2D10581F00B9155E /* Features */ = {
			isa = PBXGroup;
			children = (
				F78B203F2D12F68D0002C835 /* Models */,
				F7E4F2692D1217F500029185 /* Extensions */,
				F797AC082D11A22A004F8F5B /* Components */,
				F78598072D1054A700B9155E /* Coordinator */,
				F78598082D1054B400B9155E /* Scenes */,
			);
			path = Features;
			sourceTree = "<group>";
		};
		F78598122D1058E100B9155E /* Resources */ = {
			isa = PBXGroup;
			children = (
				F78597F22D104C1300B9155E /* Assets.xcassets */,
			);
			path = Resources;
			sourceTree = "<group>";
		};
		F78B20372D12EED70002C835 /* Home */ = {
			isa = PBXGroup;
			children = (
				F78B203C2D12EFCC0002C835 /* TableViewCell */,
				F78B20382D12EF010002C835 /* HomeVC.swift */,
				F78B203A2D12EF0D0002C835 /* HomeView.swift */,
			);
			path = Home;
			sourceTree = "<group>";
		};
		F78B203C2D12EFCC0002C835 /* TableViewCell */ = {
			isa = PBXGroup;
			children = (
				F78B203D2D12EFEA0002C835 /* PlaceTableViewCell.swift */,
			);
			path = TableViewCell;
			sourceTree = "<group>";
		};
		F78B203F2D12F68D0002C835 /* Models */ = {
			isa = PBXGroup;
			children = (
				F78B20402D12F69E0002C835 /* PlaceModel.swift */,
			);
			path = Models;
			sourceTree = "<group>";
		};
		F797AC082D11A22A004F8F5B /* Components */ = {
			isa = PBXGroup;
			children = (
				F797AC092D11A23D004F8F5B /* TipsView.swift */,
			);
			path = Components;
			sourceTree = "<group>";
		};
		F797AC0B2D11A5B0004F8F5B /* Welcome */ = {
			isa = PBXGroup;
			children = (
				F797AC0C2D11A5BE004F8F5B /* WelcomeView.swift */,
				F7E4F2672D12149100029185 /* WelcomeVC.swift */,
			);
			path = Welcome;
			sourceTree = "<group>";
		};
		F7E4F2692D1217F500029185 /* Extensions */ = {
			isa = PBXGroup;
			children = (
				F7E4F26A2D12180B00029185 /* UIViewController+EXT.swift */,
			);
			path = Extensions;
			sourceTree = "<group>";
		};
/* End PBXGroup section */

/* Begin PBXNativeTarget section */
		F78597E52D104C1100B9155E /* Nearby */ = {
			isa = PBXNativeTarget;
			buildConfigurationList = F78597FA2D104C1300B9155E /* Build configuration list for PBXNativeTarget "Nearby" */;
			buildPhases = (
				F78597E22D104C1100B9155E /* Sources */,
				F78597E32D104C1100B9155E /* Frameworks */,
				F78597E42D104C1100B9155E /* Resources */,
			);
			buildRules = (
			);
			dependencies = (
			);
			name = Nearby;
			productName = Nearby;
			productReference = F78597E62D104C1100B9155E /* Nearby.app */;
			productType = "com.apple.product-type.application";
		};
/* End PBXNativeTarget section */

/* Begin PBXProject section */
		F78597DE2D104C1100B9155E /* Project object */ = {
			isa = PBXProject;
			attributes = {
				BuildIndependentTargetsInParallel = 1;
				LastSwiftUpdateCheck = 1540;
				LastUpgradeCheck = 1540;
				TargetAttributes = {
					F78597E52D104C1100B9155E = {
						CreatedOnToolsVersion = 15.4;
					};
				};
			};
			buildConfigurationList = F78597E12D104C1100B9155E /* Build configuration list for PBXProject "Nearby" */;
			compatibilityVersion = "Xcode 14.0";
			developmentRegion = en;
			hasScannedForEncodings = 0;
			knownRegions = (
				en,
				Base,
			);
			mainGroup = F78597DD2D104C1100B9155E;
			productRefGroup = F78597E72D104C1100B9155E /* Products */;
			projectDirPath = "";
			projectRoot = "";
			targets = (
				F78597E52D104C1100B9155E /* Nearby */,
			);
		};
/* End PBXProject section */

/* Begin PBXResourcesBuildPhase section */
		F78597E42D104C1100B9155E /* Resources */ = {
			isa = PBXResourcesBuildPhase;
			buildActionMask = 2147483647;
			files = (
				F78597F32D104C1300B9155E /* Assets.xcassets in Resources */,
			);
			runOnlyForDeploymentPostprocessing = 0;
		};
/* End PBXResourcesBuildPhase section */

/* Begin PBXSourcesBuildPhase section */
		F78597E22D104C1100B9155E /* Sources */ = {
			isa = PBXSourcesBuildPhase;
			buildActionMask = 2147483647;
			files = (
				F78597FF2D104CB800B9155E /* NearbyFlowCoordinator.swift in Sources */,
				F78B20392D12EF010002C835 /* HomeVC.swift in Sources */,
				F78B20412D12F69E0002C835 /* PlaceModel.swift in Sources */,
				F7E4F2682D12149100029185 /* WelcomeVC.swift in Sources */,
				F78B203B2D12EF0D0002C835 /* HomeView.swift in Sources */,
				F78597EE2D104C1100B9155E /* ViewController.swift in Sources */,
				F785980D2D10551800B9155E /* NearbySplashView.swift in Sources */,
				F78598112D10583C00B9155E /* Colors.swift in Sources */,
				F78B20342D12E3190002C835 /* SplashFlowDelegate.swift in Sources */,
				F797AC0D2D11A5BE004F8F5B /* WelcomeView.swift in Sources */,
				F797AC0A2D11A23D004F8F5B /* TipsView.swift in Sources */,
				F7E4F26B2D12180B00029185 /* UIViewController+EXT.swift in Sources */,
				F78B203E2D12EFEA0002C835 /* PlaceTableViewCell.swift in Sources */,
				F78597EA2D104C1100B9155E /* AppDelegate.swift in Sources */,
				F785980B2D1054E100B9155E /* NearbySplashVC.swift in Sources */,
				F78B20362D12E8050002C835 /* Typography.swift in Sources */,
				F78597EC2D104C1100B9155E /* SceneDelegate.swift in Sources */,
			);
			runOnlyForDeploymentPostprocessing = 0;
		};
/* End PBXSourcesBuildPhase section */

/* Begin XCBuildConfiguration section */
		F78597F82D104C1300B9155E /* Debug */ = {
			isa = XCBuildConfiguration;
			buildSettings = {
				ALWAYS_SEARCH_USER_PATHS = NO;
				ASSETCATALOG_COMPILER_GENERATE_SWIFT_ASSET_SYMBOL_EXTENSIONS = YES;
				CLANG_ANALYZER_NONNULL = YES;
				CLANG_ANALYZER_NUMBER_OBJECT_CONVERSION = YES_AGGRESSIVE;
				CLANG_CXX_LANGUAGE_STANDARD = "gnu++20";
				CLANG_ENABLE_MODULES = YES;
				CLANG_ENABLE_OBJC_ARC = YES;
				CLANG_ENABLE_OBJC_WEAK = YES;
				CLANG_WARN_BLOCK_CAPTURE_AUTORELEASING = YES;
				CLANG_WARN_BOOL_CONVERSION = YES;
				CLANG_WARN_COMMA = YES;
				CLANG_WARN_CONSTANT_CONVERSION = YES;
				CLANG_WARN_DEPRECATED_OBJC_IMPLEMENTATIONS = YES;
				CLANG_WARN_DIRECT_OBJC_ISA_USAGE = YES_ERROR;
				CLANG_WARN_DOCUMENTATION_COMMENTS = YES;
				CLANG_WARN_EMPTY_BODY = YES;
				CLANG_WARN_ENUM_CONVERSION = YES;
				CLANG_WARN_INFINITE_RECURSION = YES;
				CLANG_WARN_INT_CONVERSION = YES;
				CLANG_WARN_NON_LITERAL_NULL_CONVERSION = YES;
				CLANG_WARN_OBJC_IMPLICIT_RETAIN_SELF = YES;
				CLANG_WARN_OBJC_LITERAL_CONVERSION = YES;
				CLANG_WARN_OBJC_ROOT_CLASS = YES_ERROR;
				CLANG_WARN_QUOTED_INCLUDE_IN_FRAMEWORK_HEADER = YES;
				CLANG_WARN_RANGE_LOOP_ANALYSIS = YES;
				CLANG_WARN_STRICT_PROTOTYPES = YES;
				CLANG_WARN_SUSPICIOUS_MOVE = YES;
				CLANG_WARN_UNGUARDED_AVAILABILITY = YES_AGGRESSIVE;
				CLANG_WARN_UNREACHABLE_CODE = YES;
				CLANG_WARN__DUPLICATE_METHOD_MATCH = YES;
				COPY_PHASE_STRIP = NO;
				DEBUG_INFORMATION_FORMAT = dwarf;
				ENABLE_STRICT_OBJC_MSGSEND = YES;
				ENABLE_TESTABILITY = YES;
				ENABLE_USER_SCRIPT_SANDBOXING = YES;
				GCC_C_LANGUAGE_STANDARD = gnu17;
				GCC_DYNAMIC_NO_PIC = NO;
				GCC_NO_COMMON_BLOCKS = YES;
				GCC_OPTIMIZATION_LEVEL = 0;
				GCC_PREPROCESSOR_DEFINITIONS = (
					"DEBUG=1",
					"$(inherited)",
				);
				GCC_WARN_64_TO_32_BIT_CONVERSION = YES;
				GCC_WARN_ABOUT_RETURN_TYPE = YES_ERROR;
				GCC_WARN_UNDECLARED_SELECTOR = YES;
				GCC_WARN_UNINITIALIZED_AUTOS = YES_AGGRESSIVE;
				GCC_WARN_UNUSED_FUNCTION = YES;
				GCC_WARN_UNUSED_VARIABLE = YES;
				IPHONEOS_DEPLOYMENT_TARGET = 17.5;
				LOCALIZATION_PREFERS_STRING_CATALOGS = YES;
				MTL_ENABLE_DEBUG_INFO = INCLUDE_SOURCE;
				MTL_FAST_MATH = YES;
				ONLY_ACTIVE_ARCH = YES;
				SDKROOT = iphoneos;
				SWIFT_ACTIVE_COMPILATION_CONDITIONS = "DEBUG $(inherited)";
				SWIFT_OPTIMIZATION_LEVEL = "-Onone";
			};
			name = Debug;
		};
		F78597F92D104C1300B9155E /* Release */ = {
			isa = XCBuildConfiguration;
			buildSettings = {
				ALWAYS_SEARCH_USER_PATHS = NO;
				ASSETCATALOG_COMPILER_GENERATE_SWIFT_ASSET_SYMBOL_EXTENSIONS = YES;
				CLANG_ANALYZER_NONNULL = YES;
				CLANG_ANALYZER_NUMBER_OBJECT_CONVERSION = YES_AGGRESSIVE;
				CLANG_CXX_LANGUAGE_STANDARD = "gnu++20";
				CLANG_ENABLE_MODULES = YES;
				CLANG_ENABLE_OBJC_ARC = YES;
				CLANG_ENABLE_OBJC_WEAK = YES;
				CLANG_WARN_BLOCK_CAPTURE_AUTORELEASING = YES;
				CLANG_WARN_BOOL_CONVERSION = YES;
				CLANG_WARN_COMMA = YES;
				CLANG_WARN_CONSTANT_CONVERSION = YES;
				CLANG_WARN_DEPRECATED_OBJC_IMPLEMENTATIONS = YES;
				CLANG_WARN_DIRECT_OBJC_ISA_USAGE = YES_ERROR;
				CLANG_WARN_DOCUMENTATION_COMMENTS = YES;
				CLANG_WARN_EMPTY_BODY = YES;
				CLANG_WARN_ENUM_CONVERSION = YES;
				CLANG_WARN_INFINITE_RECURSION = YES;
				CLANG_WARN_INT_CONVERSION = YES;
				CLANG_WARN_NON_LITERAL_NULL_CONVERSION = YES;
				CLANG_WARN_OBJC_IMPLICIT_RETAIN_SELF = YES;
				CLANG_WARN_OBJC_LITERAL_CONVERSION = YES;
				CLANG_WARN_OBJC_ROOT_CLASS = YES_ERROR;
				CLANG_WARN_QUOTED_INCLUDE_IN_FRAMEWORK_HEADER = YES;
				CLANG_WARN_RANGE_LOOP_ANALYSIS = YES;
				CLANG_WARN_STRICT_PROTOTYPES = YES;
				CLANG_WARN_SUSPICIOUS_MOVE = YES;
				CLANG_WARN_UNGUARDED_AVAILABILITY = YES_AGGRESSIVE;
				CLANG_WARN_UNREACHABLE_CODE = YES;
				CLANG_WARN__DUPLICATE_METHOD_MATCH = YES;
				COPY_PHASE_STRIP = NO;
				DEBUG_INFORMATION_FORMAT = "dwarf-with-dsym";
				ENABLE_NS_ASSERTIONS = NO;
				ENABLE_STRICT_OBJC_MSGSEND = YES;
				ENABLE_USER_SCRIPT_SANDBOXING = YES;
				GCC_C_LANGUAGE_STANDARD = gnu17;
				GCC_NO_COMMON_BLOCKS = YES;
				GCC_WARN_64_TO_32_BIT_CONVERSION = YES;
				GCC_WARN_ABOUT_RETURN_TYPE = YES_ERROR;
				GCC_WARN_UNDECLARED_SELECTOR = YES;
				GCC_WARN_UNINITIALIZED_AUTOS = YES_AGGRESSIVE;
				GCC_WARN_UNUSED_FUNCTION = YES;
				GCC_WARN_UNUSED_VARIABLE = YES;
				IPHONEOS_DEPLOYMENT_TARGET = 17.5;
				LOCALIZATION_PREFERS_STRING_CATALOGS = YES;
				MTL_ENABLE_DEBUG_INFO = NO;
				MTL_FAST_MATH = YES;
				SDKROOT = iphoneos;
				SWIFT_COMPILATION_MODE = wholemodule;
				VALIDATE_PRODUCT = YES;
			};
			name = Release;
		};
		F78597FB2D104C1300B9155E /* Debug */ = {
			isa = XCBuildConfiguration;
			buildSettings = {
				ASSETCATALOG_COMPILER_APPICON_NAME = AppIcon;
				ASSETCATALOG_COMPILER_GLOBAL_ACCENT_COLOR_NAME = AccentColor;
				CODE_SIGN_STYLE = Automatic;
				CURRENT_PROJECT_VERSION = 1;
				GENERATE_INFOPLIST_FILE = YES;
				INFOPLIST_FILE = Nearby/Info.plist;
				INFOPLIST_KEY_UIApplicationSupportsIndirectInputEvents = YES;
				INFOPLIST_KEY_UILaunchStoryboardName = LaunchScreen;
				INFOPLIST_KEY_UISupportedInterfaceOrientations_iPad = "UIInterfaceOrientationPortrait UIInterfaceOrientationPortraitUpsideDown UIInterfaceOrientationLandscapeLeft UIInterfaceOrientationLandscapeRight";
				INFOPLIST_KEY_UISupportedInterfaceOrientations_iPhone = "UIInterfaceOrientationPortrait UIInterfaceOrientationLandscapeLeft UIInterfaceOrientationLandscapeRight";
				LD_RUNPATH_SEARCH_PATHS = (
					"$(inherited)",
					"@executable_path/Frameworks",
				);
				MARKETING_VERSION = 1.0;
				PRODUCT_BUNDLE_IDENTIFIER = com.areasflavio.Nearby;
				PRODUCT_NAME = "$(TARGET_NAME)";
				SWIFT_EMIT_LOC_STRINGS = YES;
				SWIFT_VERSION = 5.0;
				TARGETED_DEVICE_FAMILY = "1,2";
			};
			name = Debug;
		};
		F78597FC2D104C1300B9155E /* Release */ = {
			isa = XCBuildConfiguration;
			buildSettings = {
				ASSETCATALOG_COMPILER_APPICON_NAME = AppIcon;
				ASSETCATALOG_COMPILER_GLOBAL_ACCENT_COLOR_NAME = AccentColor;
				CODE_SIGN_STYLE = Automatic;
				CURRENT_PROJECT_VERSION = 1;
				GENERATE_INFOPLIST_FILE = YES;
				INFOPLIST_FILE = Nearby/Info.plist;
				INFOPLIST_KEY_UIApplicationSupportsIndirectInputEvents = YES;
				INFOPLIST_KEY_UILaunchStoryboardName = LaunchScreen;
				INFOPLIST_KEY_UISupportedInterfaceOrientations_iPad = "UIInterfaceOrientationPortrait UIInterfaceOrientationPortraitUpsideDown UIInterfaceOrientationLandscapeLeft UIInterfaceOrientationLandscapeRight";
				INFOPLIST_KEY_UISupportedInterfaceOrientations_iPhone = "UIInterfaceOrientationPortrait UIInterfaceOrientationLandscapeLeft UIInterfaceOrientationLandscapeRight";
				LD_RUNPATH_SEARCH_PATHS = (
					"$(inherited)",
					"@executable_path/Frameworks",
				);
				MARKETING_VERSION = 1.0;
				PRODUCT_BUNDLE_IDENTIFIER = com.areasflavio.Nearby;
				PRODUCT_NAME = "$(TARGET_NAME)";
				SWIFT_EMIT_LOC_STRINGS = YES;
				SWIFT_VERSION = 5.0;
				TARGETED_DEVICE_FAMILY = "1,2";
			};
			name = Release;
		};
/* End XCBuildConfiguration section */

/* Begin XCConfigurationList section */
		F78597E12D104C1100B9155E /* Build configuration list for PBXProject "Nearby" */ = {
			isa = XCConfigurationList;
			buildConfigurations = (
				F78597F82D104C1300B9155E /* Debug */,
				F78597F92D104C1300B9155E /* Release */,
			);
			defaultConfigurationIsVisible = 0;
			defaultConfigurationName = Release;
		};
		F78597FA2D104C1300B9155E /* Build configuration list for PBXNativeTarget "Nearby" */ = {
			isa = XCConfigurationList;
			buildConfigurations = (
				F78597FB2D104C1300B9155E /* Debug */,
				F78597FC2D104C1300B9155E /* Release */,
			);
			defaultConfigurationIsVisible = 0;
			defaultConfigurationName = Release;
		};
/* End XCConfigurationList section */
	};
	rootObject = F78597DE2D104C1100B9155E /* Project object */;
}
